
Microsoft Visual Studio Solution File, Format Version 12.00
# Visual Studio Version 17
VisualStudioVersion = 17.3.32929.385
MinimumVisualStudioVersion = 10.0.40219.1
Project("{FAE04EC0-301F-11D3-BF4B-00C04F79EFBC}") = "FizzBuzz", "FizzBuzz\FizzBuzz.csproj", "{3FD91E4E-7D03-45BD-95D3-E0B53660709D}"
EndProject
Global
	GlobalSection(SolutionConfigurationPlatforms) = preSolution
		Debug|Any CPU = Debug|Any CPU
		Release|Any CPU = Release|Any CPU
	EndGlobalSection
	GlobalSection(ProjectConfigurationPlatforms) = postSolution
		{3FD91E4E-7D03-45BD-95D3-E0B53660709D}.Debug|Any CPU.ActiveCfg = Debug|Any CPU
		{3FD91E4E-7D03-45BD-95D3-E0B53660709D}.Debug|Any CPU.Build.0 = Debug|Any CPU
		{3FD91E4E-7D03-45BD-95D3-E0B53660709D}.Release|Any CPU.ActiveCfg = Release|Any CPU
		{3FD91E4E-7D03-45BD-95D3-E0B53660709D}.Release|Any CPU.Build.0 = Release|Any CPU
	EndGlobalSection
	GlobalSection(SolutionProperties) = preSolution
		HideSolutionNode = FALSE
	EndGlobalSection
	GlobalSection(ExtensibilityGlobals) = postSolution
		SolutionGuid = {D7E140C8-B724-4391-A86A-2D6D1A76CEE5}
	EndGlobalSection
EndGlobal
